
Microsoft Visual Studio Solution File, Format Version 12.00
# Visual Studio Version 16
VisualStudioVersion = 16.0.30621.155
MinimumVisualStudioVersion = 10.0.40219.1
Project("{FAE04EC0-301F-11D3-BF4B-00C04F79EFBC}") = "Question_Answer", "Question_Answer\Question_Answer.csproj", "{EFBE5E7E-05B2-43ED-8A69-779FE3D1C658}"
EndProject
Project("{FAE04EC0-301F-11D3-BF4B-00C04F79EFBC}") = "Question_Answer_DataLayer", "Question_Answer_DataLayer\Question_Answer_DataLayer.csproj", "{10897842-4256-4486-AE3F-2FD0A2BFBD00}"
EndProject
Project("{FAE04EC0-301F-11D3-BF4B-00C04F79EFBC}") = "Question_Answer_Presentation_Layer", "Question_Answer_Presentation_Layer\Question_Answer_Presentation_Layer.csproj", "{2638B0D9-965E-4A11-A123-7F03EB4CF352}"
EndProject
Global
	GlobalSection(SolutionConfigurationPlatforms) = preSolution
		Debug|Any CPU = Debug|Any CPU
		Release|Any CPU = Release|Any CPU
	EndGlobalSection
	GlobalSection(ProjectConfigurationPlatforms) = postSolution
		{EFBE5E7E-05B2-43ED-8A69-779FE3D1C658}.Debug|Any CPU.ActiveCfg = Debug|Any CPU
		{EFBE5E7E-05B2-43ED-8A69-779FE3D1C658}.Debug|Any CPU.Build.0 = Debug|Any CPU
		{EFBE5E7E-05B2-43ED-8A69-779FE3D1C658}.Release|Any CPU.ActiveCfg = Release|Any CPU
		{EFBE5E7E-05B2-43ED-8A69-779FE3D1C658}.Release|Any CPU.Build.0 = Release|Any CPU
		{10897842-4256-4486-AE3F-2FD0A2BFBD00}.Debug|Any CPU.ActiveCfg = Debug|Any CPU
		{10897842-4256-4486-AE3F-2FD0A2BFBD00}.Debug|Any CPU.Build.0 = Debug|Any CPU
		{10897842-4256-4486-AE3F-2FD0A2BFBD00}.Release|Any CPU.ActiveCfg = Release|Any CPU
		{10897842-4256-4486-AE3F-2FD0A2BFBD00}.Release|Any CPU.Build.0 = Release|Any CPU
		{2638B0D9-965E-4A11-A123-7F03EB4CF352}.Debug|Any CPU.ActiveCfg = Debug|Any CPU
		{2638B0D9-965E-4A11-A123-7F03EB4CF352}.Debug|Any CPU.Build.0 = Debug|Any CPU
		{2638B0D9-965E-4A11-A123-7F03EB4CF352}.Release|Any CPU.ActiveCfg = Release|Any CPU
		{2638B0D9-965E-4A11-A123-7F03EB4CF352}.Release|Any CPU.Build.0 = Release|Any CPU
	EndGlobalSection
	GlobalSection(SolutionProperties) = preSolution
		HideSolutionNode = FALSE
	EndGlobalSection
	GlobalSection(ExtensibilityGlobals) = postSolution
		SolutionGuid = {8147FD62-FB06-4B16-A7F6-0A4F58FBF1CF}
	EndGlobalSection
EndGlobal
